
Microsoft Visual Studio Solution File, Format Version 12.00
# Visual Studio Version 17
VisualStudioVersion = 17.0.31903.59
MinimumVisualStudioVersion = 10.0.40219.1
Project("{2150E333-8FDC-42A3-9474-1A3956D46DE8}") = "src", "src", "{827E0CD3-B72D-47B6-A68D-7590B98EB39B}"
	ProjectSection(SolutionItems) = preProject
		conf\server.sample.yaml = conf\server.sample.yaml
	EndProjectSection
EndProject
Project("{FAE04EC0-301F-11D3-BF4B-00C04F79EFBC}") = "OpenEleven.Protocol", "src\OpenEleven.Protocol\OpenEleven.Protocol.csproj", "{4DC5BDB0-054F-459B-A4B0-65CC6D451744}"
EndProject
Project("{FAE04EC0-301F-11D3-BF4B-00C04F79EFBC}") = "OpenEleven.Data", "src\OpenEleven.Data\OpenEleven.Data.csproj", "{F2634808-1F57-489E-AFC8-C43740F1F36C}"
EndProject
Project("{FAE04EC0-301F-11D3-BF4B-00C04F79EFBC}") = "OpenEleven.Server", "src\OpenEleven.Server\OpenEleven.Server.csproj", "{ED8F4851-3009-4AC2-8652-403FB724D5B5}"
EndProject
Project("{FAE04EC0-301F-11D3-BF4B-00C04F79EFBC}") = "OpenEleven.Protocol.Tests", "tests\OpenEleven.Protocol.Tests\OpenEleven.Protocol.Tests.csproj", "{5C919088-C39E-44B0-954A-C0F5B35892D5}"
EndProject
Project("{2150E333-8FDC-42A3-9474-1A3956D46DE8}") = "tests", "tests", "{0AB3BF05-4346-4AA6-1389-037BE0695223}"
EndProject
Project("{FAE04EC0-301F-11D3-BF4B-00C04F79EFBC}") = "OpenEleven.Server.Tests", "tests\OpenEleven.Server.Tests\OpenEleven.Server.Tests.csproj", "{3D477F7A-05B4-41C2-9B31-9C72FF958B6B}"
EndProject
Global
	GlobalSection(SolutionConfigurationPlatforms) = preSolution
		Debug|Any CPU = Debug|Any CPU
		Debug|x64 = Debug|x64
		Debug|x86 = Debug|x86
		Release|Any CPU = Release|Any CPU
		Release|x64 = Release|x64
		Release|x86 = Release|x86
	EndGlobalSection
	GlobalSection(ProjectConfigurationPlatforms) = postSolution
		{4DC5BDB0-054F-459B-A4B0-65CC6D451744}.Debug|Any CPU.ActiveCfg = Debug|Any CPU
		{4DC5BDB0-054F-459B-A4B0-65CC6D451744}.Debug|Any CPU.Build.0 = Debug|Any CPU
		{4DC5BDB0-054F-459B-A4B0-65CC6D451744}.Debug|x64.ActiveCfg = Debug|Any CPU
		{4DC5BDB0-054F-459B-A4B0-65CC6D451744}.Debug|x64.Build.0 = Debug|Any CPU
		{4DC5BDB0-054F-459B-A4B0-65CC6D451744}.Debug|x86.ActiveCfg = Debug|Any CPU
		{4DC5BDB0-054F-459B-A4B0-65CC6D451744}.Debug|x86.Build.0 = Debug|Any CPU
		{4DC5BDB0-054F-459B-A4B0-65CC6D451744}.Release|Any CPU.ActiveCfg = Release|Any CPU
		{4DC5BDB0-054F-459B-A4B0-65CC6D451744}.Release|Any CPU.Build.0 = Release|Any CPU
		{4DC5BDB0-054F-459B-A4B0-65CC6D451744}.Release|x64.ActiveCfg = Release|Any CPU
		{4DC5BDB0-054F-459B-A4B0-65CC6D451744}.Release|x64.Build.0 = Release|Any CPU
		{4DC5BDB0-054F-459B-A4B0-65CC6D451744}.Release|x86.ActiveCfg = Release|Any CPU
		{4DC5BDB0-054F-459B-A4B0-65CC6D451744}.Release|x86.Build.0 = Release|Any CPU
		{F2634808-1F57-489E-AFC8-C43740F1F36C}.Debug|Any CPU.ActiveCfg = Debug|Any CPU
		{F2634808-1F57-489E-AFC8-C43740F1F36C}.Debug|Any CPU.Build.0 = Debug|Any CPU
		{F2634808-1F57-489E-AFC8-C43740F1F36C}.Debug|x64.ActiveCfg = Debug|Any CPU
		{F2634808-1F57-489E-AFC8-C43740F1F36C}.Debug|x64.Build.0 = Debug|Any CPU
		{F2634808-1F57-489E-AFC8-C43740F1F36C}.Debug|x86.ActiveCfg = Debug|Any CPU
		{F2634808-1F57-489E-AFC8-C43740F1F36C}.Debug|x86.Build.0 = Debug|Any CPU
		{F2634808-1F57-489E-AFC8-C43740F1F36C}.Release|Any CPU.ActiveCfg = Release|Any CPU
		{F2634808-1F57-489E-AFC8-C43740F1F36C}.Release|Any CPU.Build.0 = Release|Any CPU
		{F2634808-1F57-489E-AFC8-C43740F1F36C}.Release|x64.ActiveCfg = Release|Any CPU
		{F2634808-1F57-489E-AFC8-C43740F1F36C}.Release|x64.Build.0 = Release|Any CPU
		{F2634808-1F57-489E-AFC8-C43740F1F36C}.Release|x86.ActiveCfg = Release|Any CPU
		{F2634808-1F57-489E-AFC8-C43740F1F36C}.Release|x86.Build.0 = Release|Any CPU
		{ED8F4851-3009-4AC2-8652-403FB724D5B5}.Debug|Any CPU.ActiveCfg = Debug|Any CPU
		{ED8F4851-3009-4AC2-8652-403FB724D5B5}.Debug|Any CPU.Build.0 = Debug|Any CPU
		{ED8F4851-3009-4AC2-8652-403FB724D5B5}.Debug|x64.ActiveCfg = Debug|Any CPU
		{ED8F4851-3009-4AC2-8652-403FB724D5B5}.Debug|x64.Build.0 = Debug|Any CPU
		{ED8F4851-3009-4AC2-8652-403FB724D5B5}.Debug|x86.ActiveCfg = Debug|Any CPU
		{ED8F4851-3009-4AC2-8652-403FB724D5B5}.Debug|x86.Build.0 = Debug|Any CPU
		{ED8F4851-3009-4AC2-8652-403FB724D5B5}.Release|Any CPU.ActiveCfg = Release|Any CPU
		{ED8F4851-3009-4AC2-8652-403FB724D5B5}.Release|Any CPU.Build.0 = Release|Any CPU
		{ED8F4851-3009-4AC2-8652-403FB724D5B5}.Release|x64.ActiveCfg = Release|Any CPU
		{ED8F4851-3009-4AC2-8652-403FB724D5B5}.Release|x64.Build.0 = Release|Any CPU
		{ED8F4851-3009-4AC2-8652-403FB724D5B5}.Release|x86.ActiveCfg = Release|Any CPU
		{ED8F4851-3009-4AC2-8652-403FB724D5B5}.Release|x86.Build.0 = Release|Any CPU
		{5C919088-C39E-44B0-954A-C0F5B35892D5}.Debug|Any CPU.ActiveCfg = Debug|Any CPU
		{5C919088-C39E-44B0-954A-C0F5B35892D5}.Debug|Any CPU.Build.0 = Debug|Any CPU
		{5C919088-C39E-44B0-954A-C0F5B35892D5}.Debug|x64.ActiveCfg = Debug|Any CPU
		{5C919088-C39E-44B0-954A-C0F5B35892D5}.Debug|x64.Build.0 = Debug|Any CPU
		{5C919088-C39E-44B0-954A-C0F5B35892D5}.Debug|x86.ActiveCfg = Debug|Any CPU
		{5C919088-C39E-44B0-954A-C0F5B35892D5}.Debug|x86.Build.0 = Debug|Any CPU
		{5C919088-C39E-44B0-954A-C0F5B35892D5}.Release|Any CPU.ActiveCfg = Release|Any CPU
		{5C919088-C39E-44B0-954A-C0F5B35892D5}.Release|Any CPU.Build.0 = Release|Any CPU
		{5C919088-C39E-44B0-954A-C0F5B35892D5}.Release|x64.ActiveCfg = Release|Any CPU
		{5C919088-C39E-44B0-954A-C0F5B35892D5}.Release|x64.Build.0 = Release|Any CPU
		{5C919088-C39E-44B0-954A-C0F5B35892D5}.Release|x86.ActiveCfg = Release|Any CPU
		{5C919088-C39E-44B0-954A-C0F5B35892D5}.Release|x86.Build.0 = Release|Any CPU
		{3D477F7A-05B4-41C2-9B31-9C72FF958B6B}.Debug|Any CPU.ActiveCfg = Debug|Any CPU
		{3D477F7A-05B4-41C2-9B31-9C72FF958B6B}.Debug|Any CPU.Build.0 = Debug|Any CPU
		{3D477F7A-05B4-41C2-9B31-9C72FF958B6B}.Debug|x64.ActiveCfg = Debug|Any CPU
		{3D477F7A-05B4-41C2-9B31-9C72FF958B6B}.Debug|x64.Build.0 = Debug|Any CPU
		{3D477F7A-05B4-41C2-9B31-9C72FF958B6B}.Debug|x86.ActiveCfg = Debug|Any CPU
		{3D477F7A-05B4-41C2-9B31-9C72FF958B6B}.Debug|x86.Build.0 = Debug|Any CPU
		{3D477F7A-05B4-41C2-9B31-9C72FF958B6B}.Release|Any CPU.ActiveCfg = Release|Any CPU
		{3D477F7A-05B4-41C2-9B31-9C72FF958B6B}.Release|Any CPU.Build.0 = Release|Any CPU
		{3D477F7A-05B4-41C2-9B31-9C72FF958B6B}.Release|x64.ActiveCfg = Release|Any CPU
		{3D477F7A-05B4-41C2-9B31-9C72FF958B6B}.Release|x64.Build.0 = Release|Any CPU
		{3D477F7A-05B4-41C2-9B31-9C72FF958B6B}.Release|x86.ActiveCfg = Release|Any CPU
		{3D477F7A-05B4-41C2-9B31-9C72FF958B6B}.Release|x86.Build.0 = Release|Any CPU
	EndGlobalSection
	GlobalSection(SolutionProperties) = preSolution
		HideSolutionNode = FALSE
	EndGlobalSection
	GlobalSection(NestedProjects) = preSolution
		{4DC5BDB0-054F-459B-A4B0-65CC6D451744} = {827E0CD3-B72D-47B6-A68D-7590B98EB39B}
		{F2634808-1F57-489E-AFC8-C43740F1F36C} = {827E0CD3-B72D-47B6-A68D-7590B98EB39B}
		{ED8F4851-3009-4AC2-8652-403FB724D5B5} = {827E0CD3-B72D-47B6-A68D-7590B98EB39B}
		{5C919088-C39E-44B0-954A-C0F5B35892D5} = {827E0CD3-B72D-47B6-A68D-7590B98EB39B}
		{3D477F7A-05B4-41C2-9B31-9C72FF958B6B} = {0AB3BF05-4346-4AA6-1389-037BE0695223}
	EndGlobalSection
	GlobalSection(ExtensibilityGlobals) = postSolution
		SolutionGuid = {B64B40AA-A943-4E66-9C64-40CEBD618DB9}
	EndGlobalSection
EndGlobal
