
Microsoft Visual Studio Solution File, Format Version 12.00
# Visual Studio Version 17
VisualStudioVersion = 17.0.31903.59
MinimumVisualStudioVersion = 10.0.40219.1
Project("{2150E333-8FDC-42A3-9474-1A3956D46DE8}") = "src", "src", "{827E0CD3-B72D-47B6-A68D-7590B98EB39B}"
	ProjectSection(SolutionItems) = preProject
		conf\server.sample.yaml = conf\server.sample.yaml
	EndProjectSection
EndProject
Project("{FAE04EC0-301F-11D3-BF4B-00C04F79EFBC}") = "OpenEleven.Protocol", "src\OpenEleven.Protocol\OpenEleven.Protocol.csproj", "{4DC5BDB0-054F-459B-A4B0-65CC6D451744}"
EndProject
Project("{FAE04EC0-301F-11D3-BF4B-00C04F79EFBC}") = "OpenEleven.Data", "src\OpenEleven.Data\OpenEleven.Data.csproj", "{F2634808-1F57-489E-AFC8-C43740F1F36C}"
EndProject
Project("{FAE04EC0-301F-11D3-BF4B-00C04F79EFBC}") = "OpenEleven.Server", "src\OpenEleven.Server\OpenEleven.Server.csproj", "{ED8F4851-3009-4AC2-8652-403FB724D5B5}"
EndProject
Project("{FAE04EC0-301F-11D3-BF4B-00C04F79EFBC}") = "OpenEleven.Protocol.Tests", "tests\OpenEleven.Protocol.Tests\OpenEleven.Protocol.Tests.csproj", "{5C919088-C39E-44B0-954A-C0F5B35892D5}"
EndProject
Project("{2150E333-8FDC-42A3-9474-1A3956D46DE8}") = "tests", "tests", "{0AB3BF05-4346-4AA6-1389-037BE0695223}"
EndProject
Project("{FAE04EC0-301F-11D3-BF4B-00C04F79EFBC}") = "OpenEleven.Server.Tests", "tests\OpenEleven.Server.Tests\OpenEleven.Server.Tests.csproj", "{3D477F7A-05B4-41C2-9B31-9C72FF958B6B}"
EndProject
Project("{FAE04EC0-301F-11D3-BF4B-00C04F79EFBC}") = "OpenEleven.Profiles.Pes2010Pc", "src\OpenEleven.Profiles\Pes2010Pc\OpenEleven.Profiles.Pes2010Pc.csproj", "{7FEDCC8D-561C-4F16-AC79-883B36CAD0BB}"
EndProject
Project("{FAE04EC0-301F-11D3-BF4B-00C04F79EFBC}") = "OpenEleven.Pes2010Pc", "src\OpenEleven.Pes2010Pc\OpenEleven.Pes2010Pc.csproj", "{E4F442ED-FF8E-4105-A497-4FEE30A30F9A}"
EndProject
Project("{FAE04EC0-301F-11D3-BF4B-00C04F79EFBC}") = "OpenEleven.Profiles.Pes2011Pc", "src\OpenEleven.Profiles\Pes2011Pc\OpenEleven.Profiles.Pes2011Pc.csproj", "{16787968-0C23-4E57-9E50-B7ABEA491B25}"
EndProject
Project("{FAE04EC0-301F-11D3-BF4B-00C04F79EFBC}") = "OpenEleven.Pes2011Pc", "src\OpenEleven.Pes2011Pc\OpenEleven.Pes2011Pc.csproj", "{92DAE8F0-067C-4693-80A5-C0045A711DAE}"
EndProject
Project("{FAE04EC0-301F-11D3-BF4B-00C04F79EFBC}") = "OpenEleven.Profiles.Pes2012Pc", "src\OpenEleven.Profiles\Pes2012Pc\OpenEleven.Profiles.Pes2012Pc.csproj", "{14C19AC0-2CA3-4E02-A6E3-CBD2BBE396ED}"
EndProject
Project("{FAE04EC0-301F-11D3-BF4B-00C04F79EFBC}") = "OpenEleven.Pes2012Pc", "src\OpenEleven.Pes2012Pc\OpenEleven.Pes2012Pc.csproj", "{A0C1D2D0-F083-409C-B11C-CAE439B694A3}"
EndProject
Project("{FAE04EC0-301F-11D3-BF4B-00C04F79EFBC}") = "OpenEleven.Profiles.Pes2013Pc", "src\OpenEleven.Profiles\Pes2013Pc\OpenEleven.Profiles.Pes2013Pc.csproj", "{BDA11D07-C6FA-4F0F-BCFF-619BD290B4FE}"
EndProject
Project("{FAE04EC0-301F-11D3-BF4B-00C04F79EFBC}") = "OpenEleven.Pes2013Pc", "src\OpenEleven.Pes2013Pc\OpenEleven.Pes2013Pc.csproj", "{3DE90EB6-1CAF-4C09-9AA3-65204529314A}"
EndProject
Global
	GlobalSection(SolutionConfigurationPlatforms) = preSolution
		Debug|Any CPU = Debug|Any CPU
		Debug|x64 = Debug|x64
		Debug|x86 = Debug|x86
		Release|Any CPU = Release|Any CPU
		Release|x64 = Release|x64
		Release|x86 = Release|x86
	EndGlobalSection
	GlobalSection(ProjectConfigurationPlatforms) = postSolution
		{4DC5BDB0-054F-459B-A4B0-65CC6D451744}.Debug|Any CPU.ActiveCfg = Debug|Any CPU
		{4DC5BDB0-054F-459B-A4B0-65CC6D451744}.Debug|Any CPU.Build.0 = Debug|Any CPU
		{4DC5BDB0-054F-459B-A4B0-65CC6D451744}.Debug|x64.ActiveCfg = Debug|Any CPU
		{4DC5BDB0-054F-459B-A4B0-65CC6D451744}.Debug|x64.Build.0 = Debug|Any CPU
		{4DC5BDB0-054F-459B-A4B0-65CC6D451744}.Debug|x86.ActiveCfg = Debug|Any CPU
		{4DC5BDB0-054F-459B-A4B0-65CC6D451744}.Debug|x86.Build.0 = Debug|Any CPU
		{4DC5BDB0-054F-459B-A4B0-65CC6D451744}.Release|Any CPU.ActiveCfg = Release|Any CPU
		{4DC5BDB0-054F-459B-A4B0-65CC6D451744}.Release|Any CPU.Build.0 = Release|Any CPU
		{4DC5BDB0-054F-459B-A4B0-65CC6D451744}.Release|x64.ActiveCfg = Release|Any CPU
		{4DC5BDB0-054F-459B-A4B0-65CC6D451744}.Release|x64.Build.0 = Release|Any CPU
		{4DC5BDB0-054F-459B-A4B0-65CC6D451744}.Release|x86.ActiveCfg = Release|Any CPU
		{4DC5BDB0-054F-459B-A4B0-65CC6D451744}.Release|x86.Build.0 = Release|Any CPU
		{F2634808-1F57-489E-AFC8-C43740F1F36C}.Debug|Any CPU.ActiveCfg = Debug|Any CPU
		{F2634808-1F57-489E-AFC8-C43740F1F36C}.Debug|Any CPU.Build.0 = Debug|Any CPU
		{F2634808-1F57-489E-AFC8-C43740F1F36C}.Debug|x64.ActiveCfg = Debug|Any CPU
		{F2634808-1F57-489E-AFC8-C43740F1F36C}.Debug|x64.Build.0 = Debug|Any CPU
		{F2634808-1F57-489E-AFC8-C43740F1F36C}.Debug|x86.ActiveCfg = Debug|Any CPU
		{F2634808-1F57-489E-AFC8-C43740F1F36C}.Debug|x86.Build.0 = Debug|Any CPU
		{F2634808-1F57-489E-AFC8-C43740F1F36C}.Release|Any CPU.ActiveCfg = Release|Any CPU
		{F2634808-1F57-489E-AFC8-C43740F1F36C}.Release|Any CPU.Build.0 = Release|Any CPU
		{F2634808-1F57-489E-AFC8-C43740F1F36C}.Release|x64.ActiveCfg = Release|Any CPU
		{F2634808-1F57-489E-AFC8-C43740F1F36C}.Release|x64.Build.0 = Release|Any CPU
		{F2634808-1F57-489E-AFC8-C43740F1F36C}.Release|x86.ActiveCfg = Release|Any CPU
		{F2634808-1F57-489E-AFC8-C43740F1F36C}.Release|x86.Build.0 = Release|Any CPU
		{ED8F4851-3009-4AC2-8652-403FB724D5B5}.Debug|Any CPU.ActiveCfg = Debug|Any CPU
		{ED8F4851-3009-4AC2-8652-403FB724D5B5}.Debug|Any CPU.Build.0 = Debug|Any CPU
		{ED8F4851-3009-4AC2-8652-403FB724D5B5}.Debug|x64.ActiveCfg = Debug|Any CPU
		{ED8F4851-3009-4AC2-8652-403FB724D5B5}.Debug|x64.Build.0 = Debug|Any CPU
		{ED8F4851-3009-4AC2-8652-403FB724D5B5}.Debug|x86.ActiveCfg = Debug|Any CPU
		{ED8F4851-3009-4AC2-8652-403FB724D5B5}.Debug|x86.Build.0 = Debug|Any CPU
		{ED8F4851-3009-4AC2-8652-403FB724D5B5}.Release|Any CPU.ActiveCfg = Release|Any CPU
		{ED8F4851-3009-4AC2-8652-403FB724D5B5}.Release|Any CPU.Build.0 = Release|Any CPU
		{ED8F4851-3009-4AC2-8652-403FB724D5B5}.Release|x64.ActiveCfg = Release|Any CPU
		{ED8F4851-3009-4AC2-8652-403FB724D5B5}.Release|x64.Build.0 = Release|Any CPU
		{ED8F4851-3009-4AC2-8652-403FB724D5B5}.Release|x86.ActiveCfg = Release|Any CPU
		{ED8F4851-3009-4AC2-8652-403FB724D5B5}.Release|x86.Build.0 = Release|Any CPU
		{5C919088-C39E-44B0-954A-C0F5B35892D5}.Debug|Any CPU.ActiveCfg = Debug|Any CPU
		{5C919088-C39E-44B0-954A-C0F5B35892D5}.Debug|Any CPU.Build.0 = Debug|Any CPU
		{5C919088-C39E-44B0-954A-C0F5B35892D5}.Debug|x64.ActiveCfg = Debug|Any CPU
		{5C919088-C39E-44B0-954A-C0F5B35892D5}.Debug|x64.Build.0 = Debug|Any CPU
		{5C919088-C39E-44B0-954A-C0F5B35892D5}.Debug|x86.ActiveCfg = Debug|Any CPU
		{5C919088-C39E-44B0-954A-C0F5B35892D5}.Debug|x86.Build.0 = Debug|Any CPU
		{5C919088-C39E-44B0-954A-C0F5B35892D5}.Release|Any CPU.ActiveCfg = Release|Any CPU
		{5C919088-C39E-44B0-954A-C0F5B35892D5}.Release|Any CPU.Build.0 = Release|Any CPU
		{5C919088-C39E-44B0-954A-C0F5B35892D5}.Release|x64.ActiveCfg = Release|Any CPU
		{5C919088-C39E-44B0-954A-C0F5B35892D5}.Release|x64.Build.0 = Release|Any CPU
		{5C919088-C39E-44B0-954A-C0F5B35892D5}.Release|x86.ActiveCfg = Release|Any CPU
		{5C919088-C39E-44B0-954A-C0F5B35892D5}.Release|x86.Build.0 = Release|Any CPU
		{3D477F7A-05B4-41C2-9B31-9C72FF958B6B}.Debug|Any CPU.ActiveCfg = Debug|Any CPU
		{3D477F7A-05B4-41C2-9B31-9C72FF958B6B}.Debug|Any CPU.Build.0 = Debug|Any CPU
		{3D477F7A-05B4-41C2-9B31-9C72FF958B6B}.Debug|x64.ActiveCfg = Debug|Any CPU
		{3D477F7A-05B4-41C2-9B31-9C72FF958B6B}.Debug|x64.Build.0 = Debug|Any CPU
		{3D477F7A-05B4-41C2-9B31-9C72FF958B6B}.Debug|x86.ActiveCfg = Debug|Any CPU
		{3D477F7A-05B4-41C2-9B31-9C72FF958B6B}.Debug|x86.Build.0 = Debug|Any CPU
		{3D477F7A-05B4-41C2-9B31-9C72FF958B6B}.Release|Any CPU.ActiveCfg = Release|Any CPU
		{3D477F7A-05B4-41C2-9B31-9C72FF958B6B}.Release|Any CPU.Build.0 = Release|Any CPU
		{3D477F7A-05B4-41C2-9B31-9C72FF958B6B}.Release|x64.ActiveCfg = Release|Any CPU
		{3D477F7A-05B4-41C2-9B31-9C72FF958B6B}.Release|x64.Build.0 = Release|Any CPU
		{3D477F7A-05B4-41C2-9B31-9C72FF958B6B}.Release|x86.ActiveCfg = Release|Any CPU
		{3D477F7A-05B4-41C2-9B31-9C72FF958B6B}.Release|x86.Build.0 = Release|Any CPU
		{7FEDCC8D-561C-4F16-AC79-883B36CAD0BB}.Debug|Any CPU.ActiveCfg = Debug|Any CPU
		{7FEDCC8D-561C-4F16-AC79-883B36CAD0BB}.Debug|Any CPU.Build.0 = Debug|Any CPU
		{7FEDCC8D-561C-4F16-AC79-883B36CAD0BB}.Debug|x64.ActiveCfg = Debug|Any CPU
		{7FEDCC8D-561C-4F16-AC79-883B36CAD0BB}.Debug|x64.Build.0 = Debug|Any CPU
		{7FEDCC8D-561C-4F16-AC79-883B36CAD0BB}.Debug|x86.ActiveCfg = Debug|Any CPU
		{7FEDCC8D-561C-4F16-AC79-883B36CAD0BB}.Debug|x86.Build.0 = Debug|Any CPU
		{7FEDCC8D-561C-4F16-AC79-883B36CAD0BB}.Release|Any CPU.ActiveCfg = Release|Any CPU
		{7FEDCC8D-561C-4F16-AC79-883B36CAD0BB}.Release|Any CPU.Build.0 = Release|Any CPU
		{7FEDCC8D-561C-4F16-AC79-883B36CAD0BB}.Release|x64.ActiveCfg = Release|Any CPU
		{7FEDCC8D-561C-4F16-AC79-883B36CAD0BB}.Release|x64.Build.0 = Release|Any CPU
		{7FEDCC8D-561C-4F16-AC79-883B36CAD0BB}.Release|x86.ActiveCfg = Release|Any CPU
		{7FEDCC8D-561C-4F16-AC79-883B36CAD0BB}.Release|x86.Build.0 = Release|Any CPU
		{E4F442ED-FF8E-4105-A497-4FEE30A30F9A}.Debug|Any CPU.ActiveCfg = Debug|Any CPU
		{E4F442ED-FF8E-4105-A497-4FEE30A30F9A}.Debug|Any CPU.Build.0 = Debug|Any CPU
		{E4F442ED-FF8E-4105-A497-4FEE30A30F9A}.Debug|x64.ActiveCfg = Debug|Any CPU
		{E4F442ED-FF8E-4105-A497-4FEE30A30F9A}.Debug|x64.Build.0 = Debug|Any CPU
		{E4F442ED-FF8E-4105-A497-4FEE30A30F9A}.Debug|x86.ActiveCfg = Debug|Any CPU
		{E4F442ED-FF8E-4105-A497-4FEE30A30F9A}.Debug|x86.Build.0 = Debug|Any CPU
		{E4F442ED-FF8E-4105-A497-4FEE30A30F9A}.Release|Any CPU.ActiveCfg = Release|Any CPU
		{E4F442ED-FF8E-4105-A497-4FEE30A30F9A}.Release|Any CPU.Build.0 = Release|Any CPU
		{E4F442ED-FF8E-4105-A497-4FEE30A30F9A}.Release|x64.ActiveCfg = Release|Any CPU
		{E4F442ED-FF8E-4105-A497-4FEE30A30F9A}.Release|x64.Build.0 = Release|Any CPU
		{E4F442ED-FF8E-4105-A497-4FEE30A30F9A}.Release|x86.ActiveCfg = Release|Any CPU
		{E4F442ED-FF8E-4105-A497-4FEE30A30F9A}.Release|x86.Build.0 = Release|Any CPU
		{16787968-0C23-4E57-9E50-B7ABEA491B25}.Debug|Any CPU.ActiveCfg = Debug|Any CPU
		{16787968-0C23-4E57-9E50-B7ABEA491B25}.Debug|Any CPU.Build.0 = Debug|Any CPU
		{16787968-0C23-4E57-9E50-B7ABEA491B25}.Debug|x64.ActiveCfg = Debug|Any CPU
		{16787968-0C23-4E57-9E50-B7ABEA491B25}.Debug|x64.Build.0 = Debug|Any CPU
		{16787968-0C23-4E57-9E50-B7ABEA491B25}.Debug|x86.ActiveCfg = Debug|Any CPU
		{16787968-0C23-4E57-9E50-B7ABEA491B25}.Debug|x86.Build.0 = Debug|Any CPU
		{16787968-0C23-4E57-9E50-B7ABEA491B25}.Release|Any CPU.ActiveCfg = Release|Any CPU
		{16787968-0C23-4E57-9E50-B7ABEA491B25}.Release|Any CPU.Build.0 = Release|Any CPU
		{16787968-0C23-4E57-9E50-B7ABEA491B25}.Release|x64.ActiveCfg = Release|Any CPU
		{16787968-0C23-4E57-9E50-B7ABEA491B25}.Release|x64.Build.0 = Release|Any CPU
		{16787968-0C23-4E57-9E50-B7ABEA491B25}.Release|x86.ActiveCfg = Release|Any CPU
		{16787968-0C23-4E57-9E50-B7ABEA491B25}.Release|x86.Build.0 = Release|Any CPU
		{92DAE8F0-067C-4693-80A5-C0045A711DAE}.Debug|Any CPU.ActiveCfg = Debug|Any CPU
		{92DAE8F0-067C-4693-80A5-C0045A711DAE}.Debug|Any CPU.Build.0 = Debug|Any CPU
		{92DAE8F0-067C-4693-80A5-C0045A711DAE}.Debug|x64.ActiveCfg = Debug|Any CPU
		{92DAE8F0-067C-4693-80A5-C0045A711DAE}.Debug|x64.Build.0 = Debug|Any CPU
		{92DAE8F0-067C-4693-80A5-C0045A711DAE}.Debug|x86.ActiveCfg = Debug|Any CPU
		{92DAE8F0-067C-4693-80A5-C0045A711DAE}.Debug|x86.Build.0 = Debug|Any CPU
		{92DAE8F0-067C-4693-80A5-C0045A711DAE}.Release|Any CPU.ActiveCfg = Release|Any CPU
		{92DAE8F0-067C-4693-80A5-C0045A711DAE}.Release|Any CPU.Build.0 = Release|Any CPU
		{92DAE8F0-067C-4693-80A5-C0045A711DAE}.Release|x64.ActiveCfg = Release|Any CPU
		{92DAE8F0-067C-4693-80A5-C0045A711DAE}.Release|x64.Build.0 = Release|Any CPU
		{92DAE8F0-067C-4693-80A5-C0045A711DAE}.Release|x86.ActiveCfg = Release|Any CPU
		{92DAE8F0-067C-4693-80A5-C0045A711DAE}.Release|x86.Build.0 = Release|Any CPU
		{14C19AC0-2CA3-4E02-A6E3-CBD2BBE396ED}.Debug|Any CPU.ActiveCfg = Debug|Any CPU
		{14C19AC0-2CA3-4E02-A6E3-CBD2BBE396ED}.Debug|Any CPU.Build.0 = Debug|Any CPU
		{14C19AC0-2CA3-4E02-A6E3-CBD2BBE396ED}.Debug|x64.ActiveCfg = Debug|Any CPU
		{14C19AC0-2CA3-4E02-A6E3-CBD2BBE396ED}.Debug|x64.Build.0 = Debug|Any CPU
		{14C19AC0-2CA3-4E02-A6E3-CBD2BBE396ED}.Debug|x86.ActiveCfg = Debug|Any CPU
		{14C19AC0-2CA3-4E02-A6E3-CBD2BBE396ED}.Debug|x86.Build.0 = Debug|Any CPU
		{14C19AC0-2CA3-4E02-A6E3-CBD2BBE396ED}.Release|Any CPU.ActiveCfg = Release|Any CPU
		{14C19AC0-2CA3-4E02-A6E3-CBD2BBE396ED}.Release|Any CPU.Build.0 = Release|Any CPU
		{14C19AC0-2CA3-4E02-A6E3-CBD2BBE396ED}.Release|x64.ActiveCfg = Release|Any CPU
		{14C19AC0-2CA3-4E02-A6E3-CBD2BBE396ED}.Release|x64.Build.0 = Release|Any CPU
		{14C19AC0-2CA3-4E02-A6E3-CBD2BBE396ED}.Release|x86.ActiveCfg = Release|Any CPU
		{14C19AC0-2CA3-4E02-A6E3-CBD2BBE396ED}.Release|x86.Build.0 = Release|Any CPU
		{A0C1D2D0-F083-409C-B11C-CAE439B694A3}.Debug|Any CPU.ActiveCfg = Debug|Any CPU
		{A0C1D2D0-F083-409C-B11C-CAE439B694A3}.Debug|Any CPU.Build.0 = Debug|Any CPU
		{A0C1D2D0-F083-409C-B11C-CAE439B694A3}.Debug|x64.ActiveCfg = Debug|Any CPU
		{A0C1D2D0-F083-409C-B11C-CAE439B694A3}.Debug|x64.Build.0 = Debug|Any CPU
		{A0C1D2D0-F083-409C-B11C-CAE439B694A3}.Debug|x86.ActiveCfg = Debug|Any CPU
		{A0C1D2D0-F083-409C-B11C-CAE439B694A3}.Debug|x86.Build.0 = Debug|Any CPU
		{A0C1D2D0-F083-409C-B11C-CAE439B694A3}.Release|Any CPU.ActiveCfg = Release|Any CPU
		{A0C1D2D0-F083-409C-B11C-CAE439B694A3}.Release|Any CPU.Build.0 = Release|Any CPU
		{A0C1D2D0-F083-409C-B11C-CAE439B694A3}.Release|x64.ActiveCfg = Release|Any CPU
		{A0C1D2D0-F083-409C-B11C-CAE439B694A3}.Release|x64.Build.0 = Release|Any CPU
		{A0C1D2D0-F083-409C-B11C-CAE439B694A3}.Release|x86.ActiveCfg = Release|Any CPU
		{A0C1D2D0-F083-409C-B11C-CAE439B694A3}.Release|x86.Build.0 = Release|Any CPU
		{BDA11D07-C6FA-4F0F-BCFF-619BD290B4FE}.Debug|Any CPU.ActiveCfg = Debug|Any CPU
		{BDA11D07-C6FA-4F0F-BCFF-619BD290B4FE}.Debug|Any CPU.Build.0 = Debug|Any CPU
		{BDA11D07-C6FA-4F0F-BCFF-619BD290B4FE}.Debug|x64.ActiveCfg = Debug|Any CPU
		{BDA11D07-C6FA-4F0F-BCFF-619BD290B4FE}.Debug|x64.Build.0 = Debug|Any CPU
		{BDA11D07-C6FA-4F0F-BCFF-619BD290B4FE}.Debug|x86.ActiveCfg = Debug|Any CPU
		{BDA11D07-C6FA-4F0F-BCFF-619BD290B4FE}.Debug|x86.Build.0 = Debug|Any CPU
		{BDA11D07-C6FA-4F0F-BCFF-619BD290B4FE}.Release|Any CPU.ActiveCfg = Release|Any CPU
		{BDA11D07-C6FA-4F0F-BCFF-619BD290B4FE}.Release|Any CPU.Build.0 = Release|Any CPU
		{BDA11D07-C6FA-4F0F-BCFF-619BD290B4FE}.Release|x64.ActiveCfg = Release|Any CPU
		{BDA11D07-C6FA-4F0F-BCFF-619BD290B4FE}.Release|x64.Build.0 = Release|Any CPU
		{BDA11D07-C6FA-4F0F-BCFF-619BD290B4FE}.Release|x86.ActiveCfg = Release|Any CPU
		{BDA11D07-C6FA-4F0F-BCFF-619BD290B4FE}.Release|x86.Build.0 = Release|Any CPU
		{3DE90EB6-1CAF-4C09-9AA3-65204529314A}.Debug|Any CPU.ActiveCfg = Debug|Any CPU
		{3DE90EB6-1CAF-4C09-9AA3-65204529314A}.Debug|Any CPU.Build.0 = Debug|Any CPU
		{3DE90EB6-1CAF-4C09-9AA3-65204529314A}.Debug|x64.ActiveCfg = Debug|Any CPU
		{3DE90EB6-1CAF-4C09-9AA3-65204529314A}.Debug|x64.Build.0 = Debug|Any CPU
		{3DE90EB6-1CAF-4C09-9AA3-65204529314A}.Debug|x86.ActiveCfg = Debug|Any CPU
		{3DE90EB6-1CAF-4C09-9AA3-65204529314A}.Debug|x86.Build.0 = Debug|Any CPU
		{3DE90EB6-1CAF-4C09-9AA3-65204529314A}.Release|Any CPU.ActiveCfg = Release|Any CPU
		{3DE90EB6-1CAF-4C09-9AA3-65204529314A}.Release|Any CPU.Build.0 = Release|Any CPU
		{3DE90EB6-1CAF-4C09-9AA3-65204529314A}.Release|x64.ActiveCfg = Release|Any CPU
		{3DE90EB6-1CAF-4C09-9AA3-65204529314A}.Release|x64.Build.0 = Release|Any CPU
		{3DE90EB6-1CAF-4C09-9AA3-65204529314A}.Release|x86.ActiveCfg = Release|Any CPU
		{3DE90EB6-1CAF-4C09-9AA3-65204529314A}.Release|x86.Build.0 = Release|Any CPU
	EndGlobalSection
	GlobalSection(SolutionProperties) = preSolution
		HideSolutionNode = FALSE
	EndGlobalSection
	GlobalSection(NestedProjects) = preSolution
		{4DC5BDB0-054F-459B-A4B0-65CC6D451744} = {827E0CD3-B72D-47B6-A68D-7590B98EB39B}
		{F2634808-1F57-489E-AFC8-C43740F1F36C} = {827E0CD3-B72D-47B6-A68D-7590B98EB39B}
		{ED8F4851-3009-4AC2-8652-403FB724D5B5} = {827E0CD3-B72D-47B6-A68D-7590B98EB39B}
		{5C919088-C39E-44B0-954A-C0F5B35892D5} = {827E0CD3-B72D-47B6-A68D-7590B98EB39B}
		{3D477F7A-05B4-41C2-9B31-9C72FF958B6B} = {0AB3BF05-4346-4AA6-1389-037BE0695223}
		{7FEDCC8D-561C-4F16-AC79-883B36CAD0BB} = {827E0CD3-B72D-47B6-A68D-7590B98EB39B}
		{E4F442ED-FF8E-4105-A497-4FEE30A30F9A} = {827E0CD3-B72D-47B6-A68D-7590B98EB39B}
		{16787968-0C23-4E57-9E50-B7ABEA491B25} = {827E0CD3-B72D-47B6-A68D-7590B98EB39B}
		{92DAE8F0-067C-4693-80A5-C0045A711DAE} = {827E0CD3-B72D-47B6-A68D-7590B98EB39B}
		{14C19AC0-2CA3-4E02-A6E3-CBD2BBE396ED} = {827E0CD3-B72D-47B6-A68D-7590B98EB39B}
		{A0C1D2D0-F083-409C-B11C-CAE439B694A3} = {827E0CD3-B72D-47B6-A68D-7590B98EB39B}
		{BDA11D07-C6FA-4F0F-BCFF-619BD290B4FE} = {827E0CD3-B72D-47B6-A68D-7590B98EB39B}
		{3DE90EB6-1CAF-4C09-9AA3-65204529314A} = {827E0CD3-B72D-47B6-A68D-7590B98EB39B}
	EndGlobalSection
	GlobalSection(ExtensibilityGlobals) = postSolution
		SolutionGuid = {B64B40AA-A943-4E66-9C64-40CEBD618DB9}
	EndGlobalSection
EndGlobal
